<?xml version="1.0" encoding="utf-8"?>
<Project ToolsVersion="4.0" xmlns="http://schemas.microsoft.com/developer/msbuild/2003">
  <ItemGroup>
    <Filter Include="File di origine">
      <UniqueIdentifier>{4FC737F1-C7A5-4376-A066-2A32D752A2FF}</UniqueIdentifier>
      <Extensions>cpp;c;cc;cxx;c++;cppm;ixx;def;odl;idl;hpj;bat;asm;asmx</Extensions>
    </Filter>
    <Filter Include="File di intestazione">
      <UniqueIdentifier>{93995380-89BD-4b04-88EB-625FBE52EBFB}</UniqueIdentifier>
      <Extensions>h;hh;hpp;hxx;h++;hm;inl;inc;ipp;xsd</Extensions>
    </Filter>
    <Filter Include="File di risorse">
      <UniqueIdentifier>{67DA6AB6-F800-4c08-8B7A-83BB121AAD01}</UniqueIdentifier>
      <Extensions>rc;ico;cur;bmp;dlg;rc2;rct;bin;rgs;gif;jpg;jpeg;jpe;resx;tiff;tif;png;wav;mfcribbon-ms</Extensions>
    </Filter>
    <Filter Include="memory">
      <UniqueIdentifier>{0445a22e-f0bc-47b2-a742-c7a6e69af423}</UniqueIdentifier>
    </Filter>
    <Filter Include="patternscanning">
      <UniqueIdentifier>{3904e18c-7570-47b0-9364-d7cda2c62be8}</UniqueIdentifier>
    </Filter>
  </ItemGroup>
  <ItemGroup>
    <ClInclude Include="framework.h">
      <Filter>File di intestazione</Filter>
    </ClInclude>
    <ClInclude Include="pch.h">
      <Filter>File di intestazione</Filter>
    </ClInclude>
    <ClInclude Include="classes.h">
      <Filter>File di intestazione</Filter>
    </ClInclude>
    <ClInclude Include="config.h">
      <Filter>File di intestazione</Filter>
    </ClInclude>
    <ClInclude Include="memory.h">
      <Filter>memory</Filter>
    </ClInclude>
    <ClInclude Include="patternscanning.h">
      <Filter>patternscanning</Filter>
    </ClInclude>
  </ItemGroup>
  <ItemGroup>
    <ClCompile Include="dllmain.cpp">
      <Filter>File di origine</Filter>
    </ClCompile>
    <ClCompile Include="memory.cpp">
      <Filter>memory</Filter>
    </ClCompile>
    <ClCompile Include="patternscanning.cpp">
      <Filter>patternscanning</Filter>
    </ClCompile>
  </ItemGroup>
</Project>